
Microsoft Visual Studio Solution File, Format Version 12.00
# Visual Studio 14
VisualStudioVersion = 14.0.25420.1
MinimumVisualStudioVersion = 10.0.40219.1
Project("{FAE04EC0-301F-11D3-BF4B-00C04F79EFBC}") = "FXCMRest", "FXCMRest\FXCMRest.csproj", "{332B1F27-7F00-40D8-B601-38FD881EFED1}"
EndProject
Project("{2150E333-8FDC-42A3-9474-1A3956D46DE8}") = "Samples", "Samples", "{B251C7C3-0D42-46EE-96A8-CDD2361C29D0}"
EndProject
Project("{FAE04EC0-301F-11D3-BF4B-00C04F79EFBC}") = "Login", "samples\Login\Login.csproj", "{6082CEC3-E563-445B-ACC4-1C2ABC878A19}"
EndProject
Project("{FAE04EC0-301F-11D3-BF4B-00C04F79EFBC}") = "GetLivePrices", "samples\GetLivePrices\GetLivePrices.csproj", "{42886EB6-9C4F-4947-8688-CB257D5BFFB2}"
EndProject
Project("{FAE04EC0-301F-11D3-BF4B-00C04F79EFBC}") = "OpenPosition", "samples\OpenPosition\OpenPosition.csproj", "{86125ED2-DF02-40CE-B2C2-65405BC3A507}"
EndProject
Project("{FAE04EC0-301F-11D3-BF4B-00C04F79EFBC}") = "CreateAndFindEntry", "samples\CreateAndFindEntry\CreateAndFindEntry.csproj", "{2C79E848-0E29-4410-A816-0692257F6982}"
EndProject
Project("{FAE04EC0-301F-11D3-BF4B-00C04F79EFBC}") = "GetHistPrices", "samples\GetHistPrices\GetHistPrices.csproj", "{0772C8EC-C151-47CF-B916-47FE298DC5E7}"
EndProject
Global
	GlobalSection(SolutionConfigurationPlatforms) = preSolution
		Debug|Any CPU = Debug|Any CPU
		Release|Any CPU = Release|Any CPU
	EndGlobalSection
	GlobalSection(ProjectConfigurationPlatforms) = postSolution
		{332B1F27-7F00-40D8-B601-38FD881EFED1}.Debug|Any CPU.ActiveCfg = Debug|Any CPU
		{332B1F27-7F00-40D8-B601-38FD881EFED1}.Debug|Any CPU.Build.0 = Debug|Any CPU
		{332B1F27-7F00-40D8-B601-38FD881EFED1}.Release|Any CPU.ActiveCfg = Release|Any CPU
		{332B1F27-7F00-40D8-B601-38FD881EFED1}.Release|Any CPU.Build.0 = Release|Any CPU
		{6082CEC3-E563-445B-ACC4-1C2ABC878A19}.Debug|Any CPU.ActiveCfg = Debug|Any CPU
		{6082CEC3-E563-445B-ACC4-1C2ABC878A19}.Debug|Any CPU.Build.0 = Debug|Any CPU
		{6082CEC3-E563-445B-ACC4-1C2ABC878A19}.Release|Any CPU.ActiveCfg = Release|Any CPU
		{6082CEC3-E563-445B-ACC4-1C2ABC878A19}.Release|Any CPU.Build.0 = Release|Any CPU
		{42886EB6-9C4F-4947-8688-CB257D5BFFB2}.Debug|Any CPU.ActiveCfg = Debug|Any CPU
		{42886EB6-9C4F-4947-8688-CB257D5BFFB2}.Debug|Any CPU.Build.0 = Debug|Any CPU
		{42886EB6-9C4F-4947-8688-CB257D5BFFB2}.Release|Any CPU.ActiveCfg = Release|Any CPU
		{42886EB6-9C4F-4947-8688-CB257D5BFFB2}.Release|Any CPU.Build.0 = Release|Any CPU
		{86125ED2-DF02-40CE-B2C2-65405BC3A507}.Debug|Any CPU.ActiveCfg = Debug|Any CPU
		{86125ED2-DF02-40CE-B2C2-65405BC3A507}.Debug|Any CPU.Build.0 = Debug|Any CPU
		{86125ED2-DF02-40CE-B2C2-65405BC3A507}.Release|Any CPU.ActiveCfg = Release|Any CPU
		{86125ED2-DF02-40CE-B2C2-65405BC3A507}.Release|Any CPU.Build.0 = Release|Any CPU
		{2C79E848-0E29-4410-A816-0692257F6982}.Debug|Any CPU.ActiveCfg = Debug|Any CPU
		{2C79E848-0E29-4410-A816-0692257F6982}.Debug|Any CPU.Build.0 = Debug|Any CPU
		{2C79E848-0E29-4410-A816-0692257F6982}.Release|Any CPU.ActiveCfg = Release|Any CPU
		{2C79E848-0E29-4410-A816-0692257F6982}.Release|Any CPU.Build.0 = Release|Any CPU
		{0772C8EC-C151-47CF-B916-47FE298DC5E7}.Debug|Any CPU.ActiveCfg = Debug|Any CPU
		{0772C8EC-C151-47CF-B916-47FE298DC5E7}.Debug|Any CPU.Build.0 = Debug|Any CPU
		{0772C8EC-C151-47CF-B916-47FE298DC5E7}.Release|Any CPU.ActiveCfg = Release|Any CPU
		{0772C8EC-C151-47CF-B916-47FE298DC5E7}.Release|Any CPU.Build.0 = Release|Any CPU
	EndGlobalSection
	GlobalSection(SolutionProperties) = preSolution
		HideSolutionNode = FALSE
	EndGlobalSection
	GlobalSection(NestedProjects) = preSolution
		{6082CEC3-E563-445B-ACC4-1C2ABC878A19} = {B251C7C3-0D42-46EE-96A8-CDD2361C29D0}
		{42886EB6-9C4F-4947-8688-CB257D5BFFB2} = {B251C7C3-0D42-46EE-96A8-CDD2361C29D0}
		{86125ED2-DF02-40CE-B2C2-65405BC3A507} = {B251C7C3-0D42-46EE-96A8-CDD2361C29D0}
		{2C79E848-0E29-4410-A816-0692257F6982} = {B251C7C3-0D42-46EE-96A8-CDD2361C29D0}
		{0772C8EC-C151-47CF-B916-47FE298DC5E7} = {B251C7C3-0D42-46EE-96A8-CDD2361C29D0}
	EndGlobalSection
EndGlobal
